
Microsoft Visual Studio Solution File, Format Version 10.00
# Visual Studio 2008
Project("{FAE04EC0-301F-11D3-BF4B-00C04F79EFBC}") = "topcmm_123flashchat", "topcmm_123flashchat.csproj", "{7B85FD1B-BCD0-4597-88B6-DB265591BC6C}"
EndProject
Global
	GlobalSection(SolutionConfigurationPlatforms) = preSolution
		Debug|Any CPU = Debug|Any CPU
		Release|Any CPU = Release|Any CPU
	EndGlobalSection
	GlobalSection(ProjectConfigurationPlatforms) = postSolution
		{7B85FD1B-BCD0-4597-88B6-DB265591BC6C}.Debug|Any CPU.ActiveCfg = Debug|Any CPU
		{7B85FD1B-BCD0-4597-88B6-DB265591BC6C}.Debug|Any CPU.Build.0 = Debug|Any CPU
		{7B85FD1B-BCD0-4597-88B6-DB265591BC6C}.Release|Any CPU.ActiveCfg = Release|Any CPU
		{7B85FD1B-BCD0-4597-88B6-DB265591BC6C}.Release|Any CPU.Build.0 = Release|Any CPU
	EndGlobalSection
	GlobalSection(SolutionProperties) = preSolution
		HideSolutionNode = FALSE
	EndGlobalSection
EndGlobal
